
Microsoft Visual Studio Solution File, Format Version 12.00
# Visual Studio 15
VisualStudioVersion = 15.0.28307.2092
MinimumVisualStudioVersion = 10.0.40219.1
Project("{FAE04EC0-301F-11D3-BF4B-00C04F79EFBC}") = "PW20c", "PW20c\PW20c.csproj", "{4684E70B-C557-4306-BC14-C263BF37D784}"
EndProject
Global
	GlobalSection(SolutionConfigurationPlatforms) = preSolution
		Debug|Any CPU = Debug|Any CPU
		Release|Any CPU = Release|Any CPU
	EndGlobalSection
	GlobalSection(ProjectConfigurationPlatforms) = postSolution
		{4684E70B-C557-4306-BC14-C263BF37D784}.Debug|Any CPU.ActiveCfg = Debug|Any CPU
		{4684E70B-C557-4306-BC14-C263BF37D784}.Debug|Any CPU.Build.0 = Debug|Any CPU
		{4684E70B-C557-4306-BC14-C263BF37D784}.Release|Any CPU.ActiveCfg = Release|Any CPU
		{4684E70B-C557-4306-BC14-C263BF37D784}.Release|Any CPU.Build.0 = Release|Any CPU
	EndGlobalSection
	GlobalSection(SolutionProperties) = preSolution
		HideSolutionNode = FALSE
	EndGlobalSection
	GlobalSection(ExtensibilityGlobals) = postSolution
		SolutionGuid = {AB7AE6FB-A648-4B95-B8BD-A814D8B31F65}
	EndGlobalSection
EndGlobal
